
Microsoft Visual Studio Solution File, Format Version 12.00
# Visual Studio Version 16
VisualStudioVersion = 16.0.30517.126
MinimumVisualStudioVersion = 10.0.40219.1
Project("{9A19103F-16F7-4668-BE54-9A1E7A4F7556}") = "RanorexOrangebeardListener", "RanorexOrangebeardListener\RanorexOrangebeardListener.csproj", "{1BEF2749-5E5B-4ADF-BB97-4348582E8261}"
EndProject
Project("{9A19103F-16F7-4668-BE54-9A1E7A4F7556}") = "RanorexOrangebeardListenerTests", "RanorexOrangebeardListenerTests1\RanorexOrangebeardListenerTests.csproj", "{998103EC-CA7B-422C-8041-E5D18E439404}"
EndProject
Global
	GlobalSection(SolutionConfigurationPlatforms) = preSolution
		Debug|Any CPU = Debug|Any CPU
		Release|Any CPU = Release|Any CPU
	EndGlobalSection
	GlobalSection(ProjectConfigurationPlatforms) = postSolution
		{1BEF2749-5E5B-4ADF-BB97-4348582E8261}.Debug|Any CPU.ActiveCfg = Debug|Any CPU
		{1BEF2749-5E5B-4ADF-BB97-4348582E8261}.Debug|Any CPU.Build.0 = Debug|Any CPU
		{1BEF2749-5E5B-4ADF-BB97-4348582E8261}.Release|Any CPU.ActiveCfg = Release|Any CPU
		{1BEF2749-5E5B-4ADF-BB97-4348582E8261}.Release|Any CPU.Build.0 = Release|Any CPU
		{998103EC-CA7B-422C-8041-E5D18E439404}.Debug|Any CPU.ActiveCfg = Debug|Any CPU
		{998103EC-CA7B-422C-8041-E5D18E439404}.Debug|Any CPU.Build.0 = Debug|Any CPU
		{998103EC-CA7B-422C-8041-E5D18E439404}.Release|Any CPU.ActiveCfg = Release|Any CPU
		{998103EC-CA7B-422C-8041-E5D18E439404}.Release|Any CPU.Build.0 = Release|Any CPU
	EndGlobalSection
	GlobalSection(SolutionProperties) = preSolution
		HideSolutionNode = FALSE
	EndGlobalSection
	GlobalSection(ExtensibilityGlobals) = postSolution
		SolutionGuid = {27633BC3-70ED-417F-907A-B7D9A1A09A98}
	EndGlobalSection
EndGlobal
